
Microsoft Visual Studio Solution File, Format Version 12.00
# Visual Studio Version 16
VisualStudioVersion = 16.0.29215.179
MinimumVisualStudioVersion = 10.0.40219.1
Project("{FAE04EC0-301F-11D3-BF4B-00C04F79EFBC}") = "NeverOffline", "NeverOffline\NeverOffline.csproj", "{333D8284-10FC-4DB0-BF87-E94FB0B81107}"
EndProject
Global
	GlobalSection(SolutionConfigurationPlatforms) = preSolution
		Debug|Any CPU = Debug|Any CPU
		Release|Any CPU = Release|Any CPU
	EndGlobalSection
	GlobalSection(ProjectConfigurationPlatforms) = postSolution
		{333D8284-10FC-4DB0-BF87-E94FB0B81107}.Debug|Any CPU.ActiveCfg = Debug|Any CPU
		{333D8284-10FC-4DB0-BF87-E94FB0B81107}.Debug|Any CPU.Build.0 = Debug|Any CPU
		{333D8284-10FC-4DB0-BF87-E94FB0B81107}.Release|Any CPU.ActiveCfg = Release|Any CPU
		{333D8284-10FC-4DB0-BF87-E94FB0B81107}.Release|Any CPU.Build.0 = Release|Any CPU
	EndGlobalSection
	GlobalSection(SolutionProperties) = preSolution
		HideSolutionNode = FALSE
	EndGlobalSection
	GlobalSection(ExtensibilityGlobals) = postSolution
		SolutionGuid = {8FD09818-49AC-4B8D-BDDF-4B49B7E47F31}
	EndGlobalSection
EndGlobal
